
Microsoft Visual Studio Solution File, Format Version 12.00
# Visual Studio 15
VisualStudioVersion = 15.0.28307.779
MinimumVisualStudioVersion = 10.0.40219.1
Project("{FAE04EC0-301F-11D3-BF4B-00C04F79EFBC}") = "FileOverviewe", "FileOverviewe\FileOverviewe.csproj", "{B107BC24-ABE5-42B1-A616-7D05C118AFB2}"
EndProject
Global
	GlobalSection(SolutionConfigurationPlatforms) = preSolution
		Debug|Any CPU = Debug|Any CPU
		Release|Any CPU = Release|Any CPU
	EndGlobalSection
	GlobalSection(ProjectConfigurationPlatforms) = postSolution
		{B107BC24-ABE5-42B1-A616-7D05C118AFB2}.Debug|Any CPU.ActiveCfg = Debug|Any CPU
		{B107BC24-ABE5-42B1-A616-7D05C118AFB2}.Debug|Any CPU.Build.0 = Debug|Any CPU
		{B107BC24-ABE5-42B1-A616-7D05C118AFB2}.Release|Any CPU.ActiveCfg = Release|Any CPU
		{B107BC24-ABE5-42B1-A616-7D05C118AFB2}.Release|Any CPU.Build.0 = Release|Any CPU
	EndGlobalSection
	GlobalSection(SolutionProperties) = preSolution
		HideSolutionNode = FALSE
	EndGlobalSection
	GlobalSection(ExtensibilityGlobals) = postSolution
		SolutionGuid = {5ABC18AB-2C21-4A3C-B011-A56E0F6FFBCC}
	EndGlobalSection
EndGlobal
